
Microsoft Visual Studio Solution File, Format Version 12.00
# Visual Studio 15
VisualStudioVersion = 15.0.28010.2050
MinimumVisualStudioVersion = 10.0.40219.1
Project("{FAE04EC0-301F-11D3-BF4B-00C04F79EFBC}") = "HTF2018.Artifact", "HTF2018.Artifact\HTF2018.Artifact.csproj", "{574C787C-70AC-4B82-A87E-D6A434843FC5}"
EndProject
Global
	GlobalSection(SolutionConfigurationPlatforms) = preSolution
		Debug|Any CPU = Debug|Any CPU
		Release|Any CPU = Release|Any CPU
	EndGlobalSection
	GlobalSection(ProjectConfigurationPlatforms) = postSolution
		{574C787C-70AC-4B82-A87E-D6A434843FC5}.Debug|Any CPU.ActiveCfg = Debug|Any CPU
		{574C787C-70AC-4B82-A87E-D6A434843FC5}.Debug|Any CPU.Build.0 = Debug|Any CPU
		{574C787C-70AC-4B82-A87E-D6A434843FC5}.Release|Any CPU.ActiveCfg = Release|Any CPU
		{574C787C-70AC-4B82-A87E-D6A434843FC5}.Release|Any CPU.Build.0 = Release|Any CPU
	EndGlobalSection
	GlobalSection(SolutionProperties) = preSolution
		HideSolutionNode = FALSE
	EndGlobalSection
	GlobalSection(ExtensibilityGlobals) = postSolution
		SolutionGuid = {2004A36A-A3A0-4291-BAF6-322D899DC585}
	EndGlobalSection
EndGlobal
